
Microsoft Visual Studio Solution File, Format Version 11.00
# Visual C# Express 2010
Project("{FAE04EC0-301F-11D3-BF4B-00C04F79EFBC}") = "QUẢN LÝ SẢN PHẨM", "QUẢN LÝ SẢN PHẨM.csproj", "{97C91E9A-6ABA-4956-A639-0E9AE7C63DF7}"
EndProject
Global
	GlobalSection(SolutionConfigurationPlatforms) = preSolution
		Debug|x86 = Debug|x86
		Release|x86 = Release|x86
	EndGlobalSection
	GlobalSection(ProjectConfigurationPlatforms) = postSolution
		{97C91E9A-6ABA-4956-A639-0E9AE7C63DF7}.Debug|x86.ActiveCfg = Debug|x86
		{97C91E9A-6ABA-4956-A639-0E9AE7C63DF7}.Debug|x86.Build.0 = Debug|x86
		{97C91E9A-6ABA-4956-A639-0E9AE7C63DF7}.Release|x86.ActiveCfg = Release|x86
		{97C91E9A-6ABA-4956-A639-0E9AE7C63DF7}.Release|x86.Build.0 = Release|x86
	EndGlobalSection
	GlobalSection(SolutionProperties) = preSolution
		HideSolutionNode = FALSE
	EndGlobalSection
EndGlobal
